
Microsoft Visual Studio Solution File, Format Version 12.00
# Visual Studio 14
VisualStudioVersion = 14.0.25420.1
MinimumVisualStudioVersion = 10.0.40219.1
Project("{FAE04EC0-301F-11D3-BF4B-00C04F79EFBC}") = "01Data", "01Data\01Data.csproj", "{27704C48-E31C-4E93-9F3C-6A3A4229BF3C}"
EndProject
Project("{FAE04EC0-301F-11D3-BF4B-00C04F79EFBC}") = "01Data.Tests", "01Data.Tests\01Data.Tests.csproj", "{551665EA-7113-4818-9DA2-D8F986D28B53}"
EndProject
Project("{FAE04EC0-301F-11D3-BF4B-00C04F79EFBC}") = "02Repository", "02Repository\02Repository.csproj", "{70BF4BE3-28A2-4AA2-B030-1D0B47B0F7C3}"
EndProject
Project("{FAE04EC0-301F-11D3-BF4B-00C04F79EFBC}") = "02Repository.Tests", "02Repository.Tests\02Repository.Tests.csproj", "{067456C0-086C-46A8-B37F-1405717B7BFC}"
EndProject
Project("{FAE04EC0-301F-11D3-BF4B-00C04F79EFBC}") = "03Service", "03Service\03Service.csproj", "{4E05DE79-4D32-4F9E-9FC5-DE865A3D2B6F}"
EndProject
Project("{FAE04EC0-301F-11D3-BF4B-00C04F79EFBC}") = "03Service.Tests", "03Service.Tests\03Service.Tests.csproj", "{8BBCAD7A-F7F0-4F08-B6AF-61FC40E100D4}"
EndProject
Project("{FAE04EC0-301F-11D3-BF4B-00C04F79EFBC}") = "04WebApi", "04WebApi\04WebApi.csproj", "{36540BED-00C8-4867-AC74-8FDF57CF83AF}"
EndProject
Project("{FAE04EC0-301F-11D3-BF4B-00C04F79EFBC}") = "04WebApi.Tests", "04WebApi.Tests\04WebApi.Tests.csproj", "{F623162C-AE82-42B1-886F-33D605CFE860}"
EndProject
Global
	GlobalSection(SolutionConfigurationPlatforms) = preSolution
		Debug|Any CPU = Debug|Any CPU
		Release|Any CPU = Release|Any CPU
	EndGlobalSection
	GlobalSection(ProjectConfigurationPlatforms) = postSolution
		{27704C48-E31C-4E93-9F3C-6A3A4229BF3C}.Debug|Any CPU.ActiveCfg = Debug|Any CPU
		{27704C48-E31C-4E93-9F3C-6A3A4229BF3C}.Debug|Any CPU.Build.0 = Debug|Any CPU
		{27704C48-E31C-4E93-9F3C-6A3A4229BF3C}.Release|Any CPU.ActiveCfg = Release|Any CPU
		{27704C48-E31C-4E93-9F3C-6A3A4229BF3C}.Release|Any CPU.Build.0 = Release|Any CPU
		{551665EA-7113-4818-9DA2-D8F986D28B53}.Debug|Any CPU.ActiveCfg = Debug|Any CPU
		{551665EA-7113-4818-9DA2-D8F986D28B53}.Debug|Any CPU.Build.0 = Debug|Any CPU
		{551665EA-7113-4818-9DA2-D8F986D28B53}.Release|Any CPU.ActiveCfg = Release|Any CPU
		{551665EA-7113-4818-9DA2-D8F986D28B53}.Release|Any CPU.Build.0 = Release|Any CPU
		{70BF4BE3-28A2-4AA2-B030-1D0B47B0F7C3}.Debug|Any CPU.ActiveCfg = Debug|Any CPU
		{70BF4BE3-28A2-4AA2-B030-1D0B47B0F7C3}.Debug|Any CPU.Build.0 = Debug|Any CPU
		{70BF4BE3-28A2-4AA2-B030-1D0B47B0F7C3}.Release|Any CPU.ActiveCfg = Release|Any CPU
		{70BF4BE3-28A2-4AA2-B030-1D0B47B0F7C3}.Release|Any CPU.Build.0 = Release|Any CPU
		{067456C0-086C-46A8-B37F-1405717B7BFC}.Debug|Any CPU.ActiveCfg = Debug|Any CPU
		{067456C0-086C-46A8-B37F-1405717B7BFC}.Debug|Any CPU.Build.0 = Debug|Any CPU
		{067456C0-086C-46A8-B37F-1405717B7BFC}.Release|Any CPU.ActiveCfg = Release|Any CPU
		{067456C0-086C-46A8-B37F-1405717B7BFC}.Release|Any CPU.Build.0 = Release|Any CPU
		{4E05DE79-4D32-4F9E-9FC5-DE865A3D2B6F}.Debug|Any CPU.ActiveCfg = Debug|Any CPU
		{4E05DE79-4D32-4F9E-9FC5-DE865A3D2B6F}.Debug|Any CPU.Build.0 = Debug|Any CPU
		{4E05DE79-4D32-4F9E-9FC5-DE865A3D2B6F}.Release|Any CPU.ActiveCfg = Release|Any CPU
		{4E05DE79-4D32-4F9E-9FC5-DE865A3D2B6F}.Release|Any CPU.Build.0 = Release|Any CPU
		{8BBCAD7A-F7F0-4F08-B6AF-61FC40E100D4}.Debug|Any CPU.ActiveCfg = Debug|Any CPU
		{8BBCAD7A-F7F0-4F08-B6AF-61FC40E100D4}.Debug|Any CPU.Build.0 = Debug|Any CPU
		{8BBCAD7A-F7F0-4F08-B6AF-61FC40E100D4}.Release|Any CPU.ActiveCfg = Release|Any CPU
		{8BBCAD7A-F7F0-4F08-B6AF-61FC40E100D4}.Release|Any CPU.Build.0 = Release|Any CPU
		{36540BED-00C8-4867-AC74-8FDF57CF83AF}.Debug|Any CPU.ActiveCfg = Debug|Any CPU
		{36540BED-00C8-4867-AC74-8FDF57CF83AF}.Debug|Any CPU.Build.0 = Debug|Any CPU
		{36540BED-00C8-4867-AC74-8FDF57CF83AF}.Release|Any CPU.ActiveCfg = Release|Any CPU
		{36540BED-00C8-4867-AC74-8FDF57CF83AF}.Release|Any CPU.Build.0 = Release|Any CPU
		{F623162C-AE82-42B1-886F-33D605CFE860}.Debug|Any CPU.ActiveCfg = Debug|Any CPU
		{F623162C-AE82-42B1-886F-33D605CFE860}.Debug|Any CPU.Build.0 = Debug|Any CPU
		{F623162C-AE82-42B1-886F-33D605CFE860}.Release|Any CPU.ActiveCfg = Release|Any CPU
		{F623162C-AE82-42B1-886F-33D605CFE860}.Release|Any CPU.Build.0 = Release|Any CPU
	EndGlobalSection
	GlobalSection(SolutionProperties) = preSolution
		HideSolutionNode = FALSE
	EndGlobalSection
EndGlobal
